github.com/atmassey/abb-lib-rws v0.0.0-20240710133555-67ef9bbca309 h1:15ISQ8qlc+0tSyzazYf5IpScLHpRmYbmIyfNmG5qny8=
github.com/atmassey/abb-lib-rws v0.0.0-20240710133555-67ef9bbca309/go.mod h1:5T5AOMql3FsxTvo1owKvJ8SCJ9TdpC/LEE/OmII1CiU=
github.com/atmassey/abb-lib-rws v0.0.0-20240724204356-7eab05a3086e h1:6//1RUYXkMZYrDnJs1ZwNos+UNpK42hzG5RpKOP3aqQ=
github.com/atmassey/abb-lib-rws v0.0.0-20240724204356-7eab05a3086e/go.mod h1:nK4hvuM7EdRxdahOQKgQ99VMIEidbAKq0zP7hFLEiX8=
github.com/icholy/digest v0.1.23 h1:4hX2pIloP0aDx7RJW0JewhPPy3R8kU+vWKdxPsCCGtY=
github.com/icholy/digest v0.1.23/go.mod h1:QNrsSGQ5v7v9cReDI0+eyjsXGUoRSUZQHeQ5C4XLa0Y=
github.com/secsy/goftp v0.0.0-20200609142545-aa2de14babf4 h1:PT+ElG/UUFMfqy5HrxJxNzj3QBOf7dZwupeVC+mG1Lo=
github.com/secsy/goftp v0.0.0-20200609142545-aa2de14babf4/go.mod h1:MnkX001NG75g3p8bhFycnyIjeQoOjGL6CEIsdE/nKSY=
